// !$*UTF8*$!
{
	archiveVersion = 1;
	classes = {
	};
	objectVersion = 77;
	objects = {

/* Begin PBXBuildFile section */
		6002F0F92D84CD640004FC03 /* OpenAIService.swift in Sources */ = {isa = PBXBuildFile; fileRef = 6002F0F82D84CD5C0004FC03 /* OpenAIService.swift */; };
/* End PBXBuildFile section */

/* Begin PBXContainerItemProxy section */
		6002F0A82D84BC5B0004FC03 /* PBXContainerItemProxy */ = {
			isa = PBXContainerItemProxy;
			containerPortal = 6002F08F2D84BC5A0004FC03 /* Project object */;
			proxyType = 1;
			remoteGlobalIDString = 6002F0962D84BC5A0004FC03;
			remoteInfo = "AI-Study-Helper";
		};
		6002F0B22D84BC5B0004FC03 /* PBXContainerItemProxy */ = {
			isa = PBXContainerItemProxy;
			containerPortal = 6002F08F2D84BC5A0004FC03 /* Project object */;
			proxyType = 1;
			remoteGlobalIDString = 6002F0962D84BC5A0004FC03;
			remoteInfo = "AI-Study-Helper";
		};
/* End PBXContainerItemProxy section */

/* Begin PBXFileReference section */
		6002F0972D84BC5A0004FC03 /* AI-Study-Helper.app */ = {isa = PBXFileReference; explicitFileType = wrapper.application; includeInIndex = 0; path = "AI-Study-Helper.app"; sourceTree = BUILT_PRODUCTS_DIR; };
		6002F0A72D84BC5B0004FC03 /* AI-Study-HelperTests.xctest */ = {isa = PBXFileReference; explicitFileType = wrapper.cfbundle; includeInIndex = 0; path = "AI-Study-HelperTests.xctest"; sourceTree = BUILT_PRODUCTS_DIR; };
		6002F0B12D84BC5B0004FC03 /* AI-Study-HelperUITests.xctest */ = {isa = PBXFileReference; explicitFileType = wrapper.cfbundle; includeInIndex = 0; path = "AI-Study-HelperUITests.xctest"; sourceTree = BUILT_PRODUCTS_DIR; };
		6002F0F82D84CD5C0004FC03 /* OpenAIService.swift */ = {isa = PBXFileReference; lastKnownFileType = sourcecode.swift; path = OpenAIService.swift; sourceTree = "<group>"; };
/* End PBXFileReference section */

/* Begin PBXFileSystemSynchronizedRootGroup section */
		6002F0992D84BC5A0004FC03 /* AI-Study-Helper */ = {
			isa = PBXFileSystemSynchronizedRootGroup;
			path = "AI-Study-Helper";
			sourceTree = "<group>";
		};
		6002F0AA2D84BC5B0004FC03 /* AI-Study-HelperTests */ = {
			isa = PBXFileSystemSynchronizedRootGroup;
			path = "AI-Study-HelperTests";
			sourceTree = "<group>";
		};
		6002F0B42D84BC5B0004FC03 /* AI-Study-HelperUITests */ = {
			isa = PBXFileSystemSynchronizedRootGroup;
			path = "AI-Study-HelperUITests";
			sourceTree = "<group>";
		};
/* End PBXFileSystemSynchronizedRootGroup section */

/* Begin PBXFrameworksBuildPhase section */
		6002F0942D84BC5A0004FC03 /* Frameworks */ = {
			isa = PBXFrameworksBuildPhase;
			buildActionMask = 2147483647;
			files = (
			);
			runOnlyForDeploymentPostprocessing = 0;
		};
		6002F0A42D84BC5B0004FC03 /* Frameworks */ = {
			isa = PBXFrameworksBuildPhase;
			buildActionMask = 2147483647;
			files = (
			);
			runOnlyForDeploymentPostprocessing = 0;
		};
		6002F0AE2D84BC5B0004FC03 /* Frameworks */ = {
			isa = PBXFrameworksBuildPhase;
			buildActionMask = 2147483647;
			files = (
			);
			runOnlyForDeploymentPostprocessing = 0;
		};
/* End PBXFrameworksBuildPhase section */

/* Begin PBXGroup section */
		6002F08E2D84BC5A0004FC03 = {
			isa = PBXGroup;
			children = (
				6002F0F82D84CD5C0004FC03 /* OpenAIService.swift */,
				6002F0992D84BC5A0004FC03 /* AI-Study-Helper */,
				6002F0AA2D84BC5B0004FC03 /* AI-Study-HelperTests */,
				6002F0B42D84BC5B0004FC03 /* AI-Study-HelperUITests */,
				6002F0F72D84CA750004FC03 /* Frameworks */,
				6002F0982D84BC5A0004FC03 /* Products */,
			);
			sourceTree = "<group>";
		};
		6002F0982D84BC5A0004FC03 /* Products */ = {
			isa = PBXGroup;
			children = (
				6002F0972D84BC5A0004FC03 /* AI-Study-Helper.app */,
				6002F0A72D84BC5B0004FC03 /* AI-Study-HelperTests.xctest */,
				6002F0B12D84BC5B0004FC03 /* AI-Study-HelperUITests.xctest */,
			);
			name = Products;
			sourceTree = "<group>";
		};
		6002F0F72D84CA750004FC03 /* Frameworks */ = {
			isa = PBXGroup;
			children = (
			);
			name = Frameworks;
			sourceTree = "<group>";
		};
/* End PBXGroup section */

/* Begin PBXNativeTarget section */
		6002F0962D84BC5A0004FC03 /* AI-Study-Helper */ = {
			isa = PBXNativeTarget;
			buildConfigurationList = 6002F0BB2D84BC5B0004FC03 /* Build configuration list for PBXNativeTarget "AI-Study-Helper" */;
			buildPhases = (
				6002F0932D84BC5A0004FC03 /* Sources */,
				6002F0942D84BC5A0004FC03 /* Frameworks */,
				6002F0952D84BC5A0004FC03 /* Resources */,
			);
			buildRules = (
			);
			dependencies = (
			);
			fileSystemSynchronizedGroups = (
				6002F0992D84BC5A0004FC03 /* AI-Study-Helper */,
			);
			name = "AI-Study-Helper";
			packageProductDependencies = (
			);
			productName = "AI-Study-Helper";
			productReference = 6002F0972D84BC5A0004FC03 /* AI-Study-Helper.app */;
			productType = "com.apple.product-type.application";
		};
		6002F0A62D84BC5B0004FC03 /* AI-Study-HelperTests */ = {
			isa = PBXNativeTarget;
			buildConfigurationList = 6002F0BE2D84BC5B0004FC03 /* Build configuration list for PBXNativeTarget "AI-Study-HelperTests" */;
			buildPhases = (
				6002F0A32D84BC5B0004FC03 /* Sources */,
				6002F0A42D84BC5B0004FC03 /* Frameworks */,
				6002F0A52D84BC5B0004FC03 /* Resources */,
			);
			buildRules = (
			);
			dependencies = (
				6002F0A92D84BC5B0004FC03 /* PBXTargetDependency */,
			);
			fileSystemSynchronizedGroups = (
				6002F0AA2D84BC5B0004FC03 /* AI-Study-HelperTests */,
			);
			name = "AI-Study-HelperTests";
			packageProductDependencies = (
			);
			productName = "AI-Study-HelperTests";
			productReference = 6002F0A72D84BC5B0004FC03 /* AI-Study-HelperTests.xctest */;
			productType = "com.apple.product-type.bundle.unit-test";
		};
		6002F0B02D84BC5B0004FC03 /* AI-Study-HelperUITests */ = {
			isa = PBXNativeTarget;
			buildConfigurationList = 6002F0C12D84BC5B0004FC03 /* Build configuration list for PBXNativeTarget "AI-Study-HelperUITests" */;
			buildPhases = (
				6002F0AD2D84BC5B0004FC03 /* Sources */,
				6002F0AE2D84BC5B0004FC03 /* Frameworks */,
				6002F0AF2D84BC5B0004FC03 /* Resources */,
			);
			buildRules = (
			);
			dependencies = (
				6002F0B32D84BC5B0004FC03 /* PBXTargetDependency */,
			);
			fileSystemSynchronizedGroups = (
				6002F0B42D84BC5B0004FC03 /* AI-Study-HelperUITests */,
			);
			name = "AI-Study-HelperUITests";
			packageProductDependencies = (
			);
			productName = "AI-Study-HelperUITests";
			productReference = 6002F0B12D84BC5B0004FC03 /* AI-Study-HelperUITests.xctest */;
			productType = "com.apple.product-type.bundle.ui-testing";
		};
/* End PBXNativeTarget section */

/* Begin PBXProject section */
		6002F08F2D84BC5A0004FC03 /* Project object */ = {
			isa = PBXProject;
			attributes = {
				BuildIndependentTargetsInParallel = 1;
				LastSwiftUpdateCheck = 1620;
				LastUpgradeCheck = 1620;
				TargetAttributes = {
					6002F0962D84BC5A0004FC03 = {
						CreatedOnToolsVersion = 16.2;
					};
					6002F0A62D84BC5B0004FC03 = {
						CreatedOnToolsVersion = 16.2;
						TestTargetID = 6002F0962D84BC5A0004FC03;
					};
					6002F0B02D84BC5B0004FC03 = {
						CreatedOnToolsVersion = 16.2;
						TestTargetID = 6002F0962D84BC5A0004FC03;
					};
				};
			};
			buildConfigurationList = 6002F0922D84BC5A0004FC03 /* Build configuration list for PBXProject "AI-Study-Helper" */;
			developmentRegion = en;
			hasScannedForEncodings = 0;
			knownRegions = (
				en,
				Base,
			);
			mainGroup = 6002F08E2D84BC5A0004FC03;
			minimizedProjectReferenceProxies = 1;
			packageReferences = (
				6002F0D92D84C11F0004FC03 /* XCRemoteSwiftPackageReference "aws-sdk-swift" */,
			);
			preferredProjectObjectVersion = 77;
			productRefGroup = 6002F0982D84BC5A0004FC03 /* Products */;
			projectDirPath = "";
			projectRoot = "";
			targets = (
				6002F0962D84BC5A0004FC03 /* AI-Study-Helper */,
				6002F0A62D84BC5B0004FC03 /* AI-Study-HelperTests */,
				6002F0B02D84BC5B0004FC03 /* AI-Study-HelperUITests */,
			);
		};
/* End PBXProject section */

/* Begin PBXResourcesBuildPhase section */
		6002F0952D84BC5A0004FC03 /* Resources */ = {
			isa = PBXResourcesBuildPhase;
			buildActionMask = 2147483647;
			files = (
			);
			runOnlyForDeploymentPostprocessing = 0;
		};
		6002F0A52D84BC5B0004FC03 /* Resources */ = {
			isa = PBXResourcesBuildPhase;
			buildActionMask = 2147483647;
			files = (
			);
			runOnlyForDeploymentPostprocessing = 0;
		};
		6002F0AF2D84BC5B0004FC03 /* Resources */ = {
			isa = PBXResourcesBuildPhase;
			buildActionMask = 2147483647;
			files = (
			);
			runOnlyForDeploymentPostprocessing = 0;
		};
/* End PBXResourcesBuildPhase section */

/* Begin PBXSourcesBuildPhase section */
		6002F0932D84BC5A0004FC03 /* Sources */ = {
			isa = PBXSourcesBuildPhase;
			buildActionMask = 2147483647;
			files = (
				6002F0F92D84CD640004FC03 /* OpenAIService.swift in Sources */,
			);
			runOnlyForDeploymentPostprocessing = 0;
		};
		6002F0A32D84BC5B0004FC03 /* Sources */ = {
			isa = PBXSourcesBuildPhase;
			buildActionMask = 2147483647;
			files = (
			);
			runOnlyForDeploymentPostprocessing = 0;
		};
		6002F0AD2D84BC5B0004FC03 /* Sources */ = {
			isa = PBXSourcesBuildPhase;
			buildActionMask = 2147483647;
			files = (
			);
			runOnlyForDeploymentPostprocessing = 0;
		};
/* End PBXSourcesBuildPhase section */

/* Begin PBXTargetDependency section */
		6002F0A92D84BC5B0004FC03 /* PBXTargetDependency */ = {
			isa = PBXTargetDependency;
			target = 6002F0962D84BC5A0004FC03 /* AI-Study-Helper */;
			targetProxy = 6002F0A82D84BC5B0004FC03 /* PBXContainerItemProxy */;
		};
		6002F0B32D84BC5B0004FC03 /* PBXTargetDependency */ = {
			isa = PBXTargetDependency;
			target = 6002F0962D84BC5A0004FC03 /* AI-Study-Helper */;
			targetProxy = 6002F0B22D84BC5B0004FC03 /* PBXContainerItemProxy */;
		};
/* End PBXTargetDependency section */

/* Begin XCBuildConfiguration section */
		6002F0B92D84BC5B0004FC03 /* Debug */ = {
			isa = XCBuildConfiguration;
			buildSettings = {
				ALWAYS_SEARCH_USER_PATHS = NO;
				ASSETCATALOG_COMPILER_GENERATE_SWIFT_ASSET_SYMBOL_EXTENSIONS = YES;
				CLANG_ANALYZER_NONNULL = YES;
				CLANG_ANALYZER_NUMBER_OBJECT_CONVERSION = YES_AGGRESSIVE;
				CLANG_CXX_LANGUAGE_STANDARD = "gnu++20";
				CLANG_ENABLE_MODULES = YES;
				CLANG_ENABLE_OBJC_ARC = YES;
				CLANG_ENABLE_OBJC_WEAK = YES;
				CLANG_WARN_BLOCK_CAPTURE_AUTORELEASING = YES;
				CLANG_WARN_BOOL_CONVERSION = YES;
				CLANG_WARN_COMMA = YES;
				CLANG_WARN_CONSTANT_CONVERSION = YES;
				CLANG_WARN_DEPRECATED_OBJC_IMPLEMENTATIONS = YES;
				CLANG_WARN_DIRECT_OBJC_ISA_USAGE = YES_ERROR;
				CLANG_WARN_DOCUMENTATION_COMMENTS = YES;
				CLANG_WARN_EMPTY_BODY = YES;
				CLANG_WARN_ENUM_CONVERSION = YES;
				CLANG_WARN_INFINITE_RECURSION = YES;
				CLANG_WARN_INT_CONVERSION = YES;
				CLANG_WARN_NON_LITERAL_NULL_CONVERSION = YES;
				CLANG_WARN_OBJC_IMPLICIT_RETAIN_SELF = YES;
				CLANG_WARN_OBJC_LITERAL_CONVERSION = YES;
				CLANG_WARN_OBJC_ROOT_CLASS = YES_ERROR;
				CLANG_WARN_QUOTED_INCLUDE_IN_FRAMEWORK_HEADER = YES;
				CLANG_WARN_RANGE_LOOP_ANALYSIS = YES;
				CLANG_WARN_STRICT_PROTOTYPES = YES;
				CLANG_WARN_SUSPICIOUS_MOVE = YES;
				CLANG_WARN_UNGUARDED_AVAILABILITY = YES_AGGRESSIVE;
				CLANG_WARN_UNREACHABLE_CODE = YES;
				CLANG_WARN__DUPLICATE_METHOD_MATCH = YES;
				COPY_PHASE_STRIP = NO;
				DEBUG_INFORMATION_FORMAT = dwarf;
				ENABLE_STRICT_OBJC_MSGSEND = YES;
				ENABLE_TESTABILITY = YES;
				ENABLE_USER_SCRIPT_SANDBOXING = YES;
				GCC_C_LANGUAGE_STANDARD = gnu17;
				GCC_DYNAMIC_NO_PIC = NO;
				GCC_NO_COMMON_BLOCKS = YES;
				GCC_OPTIMIZATION_LEVEL = 0;
				GCC_PREPROCESSOR_DEFINITIONS = (
					"DEBUG=1",
					"$(inherited)",
				);
				GCC_WARN_64_TO_32_BIT_CONVERSION = YES;
				GCC_WARN_ABOUT_RETURN_TYPE = YES_ERROR;
				GCC_WARN_UNDECLARED_SELECTOR = YES;
				GCC_WARN_UNINITIALIZED_AUTOS = YES_AGGRESSIVE;
				GCC_WARN_UNUSED_FUNCTION = YES;
				GCC_WARN_UNUSED_VARIABLE = YES;
				IPHONEOS_DEPLOYMENT_TARGET = 18.2;
				LOCALIZATION_PREFERS_STRING_CATALOGS = YES;
				MTL_ENABLE_DEBUG_INFO = INCLUDE_SOURCE;
				MTL_FAST_MATH = YES;
				ONLY_ACTIVE_ARCH = YES;
				SDKROOT = iphoneos;
				SWIFT_ACTIVE_COMPILATION_CONDITIONS = "DEBUG $(inherited)";
				SWIFT_OPTIMIZATION_LEVEL = "-Onone";
			};
			name = Debug;
		};
		6002F0BA2D84BC5B0004FC03 /* Release */ = {
			isa = XCBuildConfiguration;
			buildSettings = {
				ALWAYS_SEARCH_USER_PATHS = NO;
				ASSETCATALOG_COMPILER_GENERATE_SWIFT_ASSET_SYMBOL_EXTENSIONS = YES;
				CLANG_ANALYZER_NONNULL = YES;
				CLANG_ANALYZER_NUMBER_OBJECT_CONVERSION = YES_AGGRESSIVE;
				CLANG_CXX_LANGUAGE_STANDARD = "gnu++20";
				CLANG_ENABLE_MODULES = YES;
				CLANG_ENABLE_OBJC_ARC = YES;
				CLANG_ENABLE_OBJC_WEAK = YES;
				CLANG_WARN_BLOCK_CAPTURE_AUTORELEASING = YES;
				CLANG_WARN_BOOL_CONVERSION = YES;
				CLANG_WARN_COMMA = YES;
				CLANG_WARN_CONSTANT_CONVERSION = YES;
				CLANG_WARN_DEPRECATED_OBJC_IMPLEMENTATIONS = YES;
				CLANG_WARN_DIRECT_OBJC_ISA_USAGE = YES_ERROR;
				CLANG_WARN_DOCUMENTATION_COMMENTS = YES;
				CLANG_WARN_EMPTY_BODY = YES;
				CLANG_WARN_ENUM_CONVERSION = YES;
				CLANG_WARN_INFINITE_RECURSION = YES;
				CLANG_WARN_INT_CONVERSION = YES;
				CLANG_WARN_NON_LITERAL_NULL_CONVERSION = YES;
				CLANG_WARN_OBJC_IMPLICIT_RETAIN_SELF = YES;
				CLANG_WARN_OBJC_LITERAL_CONVERSION = YES;
				CLANG_WARN_OBJC_ROOT_CLASS = YES_ERROR;
				CLANG_WARN_QUOTED_INCLUDE_IN_FRAMEWORK_HEADER = YES;
				CLANG_WARN_RANGE_LOOP_ANALYSIS = YES;
				CLANG_WARN_STRICT_PROTOTYPES = YES;
				CLANG_WARN_SUSPICIOUS_MOVE = YES;
				CLANG_WARN_UNGUARDED_AVAILABILITY = YES_AGGRESSIVE;
				CLANG_WARN_UNREACHABLE_CODE = YES;
				CLANG_WARN__DUPLICATE_METHOD_MATCH = YES;
				COPY_PHASE_STRIP = NO;
				DEBUG_INFORMATION_FORMAT = "dwarf-with-dsym";
				ENABLE_NS_ASSERTIONS = NO;
				ENABLE_STRICT_OBJC_MSGSEND = YES;
				ENABLE_USER_SCRIPT_SANDBOXING = YES;
				GCC_C_LANGUAGE_STANDARD = gnu17;
				GCC_NO_COMMON_BLOCKS = YES;
				GCC_WARN_64_TO_32_BIT_CONVERSION = YES;
				GCC_WARN_ABOUT_RETURN_TYPE = YES_ERROR;
				GCC_WARN_UNDECLARED_SELECTOR = YES;
				GCC_WARN_UNINITIALIZED_AUTOS = YES_AGGRESSIVE;
				GCC_WARN_UNUSED_FUNCTION = YES;
				GCC_WARN_UNUSED_VARIABLE = YES;
				IPHONEOS_DEPLOYMENT_TARGET = 18.2;
				LOCALIZATION_PREFERS_STRING_CATALOGS = YES;
				MTL_ENABLE_DEBUG_INFO = NO;
				MTL_FAST_MATH = YES;
				SDKROOT = iphoneos;
				SWIFT_COMPILATION_MODE = wholemodule;
				VALIDATE_PRODUCT = YES;
			};
			name = Release;
		};
		6002F0BC2D84BC5B0004FC03 /* Debug */ = {
			isa = XCBuildConfiguration;
			buildSettings = {
				ASSETCATALOG_COMPILER_APPICON_NAME = AppIcon;
				ASSETCATALOG_COMPILER_GLOBAL_ACCENT_COLOR_NAME = AccentColor;
				CODE_SIGN_STYLE = Automatic;
				CURRENT_PROJECT_VERSION = 1;
				DEVELOPMENT_ASSET_PATHS = "\"AI-Study-Helper/Preview Content\"";
				DEVELOPMENT_TEAM = 44B4FD8Q8C;
				ENABLE_PREVIEWS = YES;
				GENERATE_INFOPLIST_FILE = YES;
				INFOPLIST_KEY_UIApplicationSceneManifest_Generation = YES;
				INFOPLIST_KEY_UIApplicationSupportsIndirectInputEvents = YES;
				INFOPLIST_KEY_UILaunchScreen_Generation = YES;
				INFOPLIST_KEY_UISupportedInterfaceOrientations_iPad = "UIInterfaceOrientationPortrait UIInterfaceOrientationPortraitUpsideDown UIInterfaceOrientationLandscapeLeft UIInterfaceOrientationLandscapeRight";
				INFOPLIST_KEY_UISupportedInterfaceOrientations_iPhone = "UIInterfaceOrientationPortrait UIInterfaceOrientationLandscapeLeft UIInterfaceOrientationLandscapeRight";
				LD_RUNPATH_SEARCH_PATHS = (
					"$(inherited)",
					"@executable_path/Frameworks",
				);
				MARKETING_VERSION = 1.0;
				PRODUCT_BUNDLE_IDENTIFIER = "luisswe.AI-Study-Helper";
				PRODUCT_NAME = "$(TARGET_NAME)";
				SWIFT_EMIT_LOC_STRINGS = YES;
				SWIFT_VERSION = 5.0;
				TARGETED_DEVICE_FAMILY = "1,2";
			};
			name = Debug;
		};
		6002F0BD2D84BC5B0004FC03 /* Release */ = {
			isa = XCBuildConfiguration;
			buildSettings = {
				ASSETCATALOG_COMPILER_APPICON_NAME = AppIcon;
				ASSETCATALOG_COMPILER_GLOBAL_ACCENT_COLOR_NAME = AccentColor;
				CODE_SIGN_STYLE = Automatic;
				CURRENT_PROJECT_VERSION = 1;
				DEVELOPMENT_ASSET_PATHS = "\"AI-Study-Helper/Preview Content\"";
				DEVELOPMENT_TEAM = 44B4FD8Q8C;
				ENABLE_PREVIEWS = YES;
				GENERATE_INFOPLIST_FILE = YES;
				INFOPLIST_KEY_UIApplicationSceneManifest_Generation = YES;
				INFOPLIST_KEY_UIApplicationSupportsIndirectInputEvents = YES;
				INFOPLIST_KEY_UILaunchScreen_Generation = YES;
				INFOPLIST_KEY_UISupportedInterfaceOrientations_iPad = "UIInterfaceOrientationPortrait UIInterfaceOrientationPortraitUpsideDown UIInterfaceOrientationLandscapeLeft UIInterfaceOrientationLandscapeRight";
				INFOPLIST_KEY_UISupportedInterfaceOrientations_iPhone = "UIInterfaceOrientationPortrait UIInterfaceOrientationLandscapeLeft UIInterfaceOrientationLandscapeRight";
				LD_RUNPATH_SEARCH_PATHS = (
					"$(inherited)",
					"@executable_path/Frameworks",
				);
				MARKETING_VERSION = 1.0;
				PRODUCT_BUNDLE_IDENTIFIER = "luisswe.AI-Study-Helper";
				PRODUCT_NAME = "$(TARGET_NAME)";
				SWIFT_EMIT_LOC_STRINGS = YES;
				SWIFT_VERSION = 5.0;
				TARGETED_DEVICE_FAMILY = "1,2";
			};
			name = Release;
		};
		6002F0BF2D84BC5B0004FC03 /* Debug */ = {
			isa = XCBuildConfiguration;
			buildSettings = {
				BUNDLE_LOADER = "$(TEST_HOST)";
				CODE_SIGN_STYLE = Automatic;
				CURRENT_PROJECT_VERSION = 1;
				DEVELOPMENT_TEAM = 44B4FD8Q8C;
				GENERATE_INFOPLIST_FILE = YES;
				IPHONEOS_DEPLOYMENT_TARGET = 18.2;
				MARKETING_VERSION = 1.0;
				PRODUCT_BUNDLE_IDENTIFIER = "luisswe.AI-Study-HelperTests";
				PRODUCT_NAME = "$(TARGET_NAME)";
				SWIFT_EMIT_LOC_STRINGS = NO;
				SWIFT_VERSION = 5.0;
				TARGETED_DEVICE_FAMILY = "1,2";
				TEST_HOST = "$(BUILT_PRODUCTS_DIR)/AI-Study-Helper.app/$(BUNDLE_EXECUTABLE_FOLDER_PATH)/AI-Study-Helper";
			};
			name = Debug;
		};
		6002F0C02D84BC5B0004FC03 /* Release */ = {
			isa = XCBuildConfiguration;
			buildSettings = {
				BUNDLE_LOADER = "$(TEST_HOST)";
				CODE_SIGN_STYLE = Automatic;
				CURRENT_PROJECT_VERSION = 1;
				DEVELOPMENT_TEAM = 44B4FD8Q8C;
				GENERATE_INFOPLIST_FILE = YES;
				IPHONEOS_DEPLOYMENT_TARGET = 18.2;
				MARKETING_VERSION = 1.0;
				PRODUCT_BUNDLE_IDENTIFIER = "luisswe.AI-Study-HelperTests";
				PRODUCT_NAME = "$(TARGET_NAME)";
				SWIFT_EMIT_LOC_STRINGS = NO;
				SWIFT_VERSION = 5.0;
				TARGETED_DEVICE_FAMILY = "1,2";
				TEST_HOST = "$(BUILT_PRODUCTS_DIR)/AI-Study-Helper.app/$(BUNDLE_EXECUTABLE_FOLDER_PATH)/AI-Study-Helper";
			};
			name = Release;
		};
		6002F0C22D84BC5B0004FC03 /* Debug */ = {
			isa = XCBuildConfiguration;
			buildSettings = {
				CODE_SIGN_STYLE = Automatic;
				CURRENT_PROJECT_VERSION = 1;
				DEVELOPMENT_TEAM = 44B4FD8Q8C;
				GENERATE_INFOPLIST_FILE = YES;
				MARKETING_VERSION = 1.0;
				PRODUCT_BUNDLE_IDENTIFIER = "luisswe.AI-Study-HelperUITests";
				PRODUCT_NAME = "$(TARGET_NAME)";
				SWIFT_EMIT_LOC_STRINGS = NO;
				SWIFT_VERSION = 5.0;
				TARGETED_DEVICE_FAMILY = "1,2";
				TEST_TARGET_NAME = "AI-Study-Helper";
			};
			name = Debug;
		};
		6002F0C32D84BC5B0004FC03 /* Release */ = {
			isa = XCBuildConfiguration;
			buildSettings = {
				CODE_SIGN_STYLE = Automatic;
				CURRENT_PROJECT_VERSION = 1;
				DEVELOPMENT_TEAM = 44B4FD8Q8C;
				GENERATE_INFOPLIST_FILE = YES;
				MARKETING_VERSION = 1.0;
				PRODUCT_BUNDLE_IDENTIFIER = "luisswe.AI-Study-HelperUITests";
				PRODUCT_NAME = "$(TARGET_NAME)";
				SWIFT_EMIT_LOC_STRINGS = NO;
				SWIFT_VERSION = 5.0;
				TARGETED_DEVICE_FAMILY = "1,2";
				TEST_TARGET_NAME = "AI-Study-Helper";
			};
			name = Release;
		};
/* End XCBuildConfiguration section */

/* Begin XCConfigurationList section */
		6002F0922D84BC5A0004FC03 /* Build configuration list for PBXProject "AI-Study-Helper" */ = {
			isa = XCConfigurationList;
			buildConfigurations = (
				6002F0B92D84BC5B0004FC03 /* Debug */,
				6002F0BA2D84BC5B0004FC03 /* Release */,
			);
			defaultConfigurationIsVisible = 0;
			defaultConfigurationName = Release;
		};
		6002F0BB2D84BC5B0004FC03 /* Build configuration list for PBXNativeTarget "AI-Study-Helper" */ = {
			isa = XCConfigurationList;
			buildConfigurations = (
				6002F0BC2D84BC5B0004FC03 /* Debug */,
				6002F0BD2D84BC5B0004FC03 /* Release */,
			);
			defaultConfigurationIsVisible = 0;
			defaultConfigurationName = Release;
		};
		6002F0BE2D84BC5B0004FC03 /* Build configuration list for PBXNativeTarget "AI-Study-HelperTests" */ = {
			isa = XCConfigurationList;
			buildConfigurations = (
				6002F0BF2D84BC5B0004FC03 /* Debug */,
				6002F0C02D84BC5B0004FC03 /* Release */,
			);
			defaultConfigurationIsVisible = 0;
			defaultConfigurationName = Release;
		};
		6002F0C12D84BC5B0004FC03 /* Build configuration list for PBXNativeTarget "AI-Study-HelperUITests" */ = {
			isa = XCConfigurationList;
			buildConfigurations = (
				6002F0C22D84BC5B0004FC03 /* Debug */,
				6002F0C32D84BC5B0004FC03 /* Release */,
			);
			defaultConfigurationIsVisible = 0;
			defaultConfigurationName = Release;
		};
/* End XCConfigurationList section */

/* Begin XCRemoteSwiftPackageReference section */
		6002F0D92D84C11F0004FC03 /* XCRemoteSwiftPackageReference "aws-sdk-swift" */ = {
			isa = XCRemoteSwiftPackageReference;
			repositoryURL = "https://github.com/aws-amplify/aws-sdk-swift";
			requirement = {
				kind = upToNextMajorVersion;
				minimumVersion = 1.2.38;
			};
		};
/* End XCRemoteSwiftPackageReference section */
	};
	rootObject = 6002F08F2D84BC5A0004FC03 /* Project object */;
}
